
Microsoft Visual Studio Solution File, Format Version 12.00
# Visual Studio Version 16
VisualStudioVersion = 16.0.30717.126
MinimumVisualStudioVersion = 10.0.40219.1
Project("{FAE04EC0-301F-11D3-BF4B-00C04F79EFBC}") = "Tri_chisla", "Tri_chisla\Tri_chisla.csproj", "{D28DB5EB-5785-449F-9F13-14623AD698E4}"
EndProject
Global
	GlobalSection(SolutionConfigurationPlatforms) = preSolution
		Debug|Any CPU = Debug|Any CPU
		Release|Any CPU = Release|Any CPU
	EndGlobalSection
	GlobalSection(ProjectConfigurationPlatforms) = postSolution
		{D28DB5EB-5785-449F-9F13-14623AD698E4}.Debug|Any CPU.ActiveCfg = Debug|Any CPU
		{D28DB5EB-5785-449F-9F13-14623AD698E4}.Debug|Any CPU.Build.0 = Debug|Any CPU
		{D28DB5EB-5785-449F-9F13-14623AD698E4}.Release|Any CPU.ActiveCfg = Release|Any CPU
		{D28DB5EB-5785-449F-9F13-14623AD698E4}.Release|Any CPU.Build.0 = Release|Any CPU
	EndGlobalSection
	GlobalSection(SolutionProperties) = preSolution
		HideSolutionNode = FALSE
	EndGlobalSection
	GlobalSection(ExtensibilityGlobals) = postSolution
		SolutionGuid = {FF5FDABF-6153-4673-8FC9-09C4B6FFEA87}
	EndGlobalSection
EndGlobal
